
Microsoft Visual Studio Solution File, Format Version 12.00
# Visual Studio Version 17
VisualStudioVersion = 17.5.33627.172
MinimumVisualStudioVersion = 10.0.40219.1
Project("{9A19103F-16F7-4668-BE54-9A1E7A4F7556}") = "MicroappPlatformQaAutomation", "MicroappPlatformQaAutomation.csproj", "{CF23BA86-4E53-463E-BC82-7DA912B3E0BB}"
EndProject
Global
	GlobalSection(SolutionConfigurationPlatforms) = preSolution
		Debug|Any CPU = Debug|Any CPU
		Release|Any CPU = Release|Any CPU
	EndGlobalSection
	GlobalSection(ProjectConfigurationPlatforms) = postSolution
		{CF23BA86-4E53-463E-BC82-7DA912B3E0BB}.Debug|Any CPU.ActiveCfg = Debug|Any CPU
		{CF23BA86-4E53-463E-BC82-7DA912B3E0BB}.Debug|Any CPU.Build.0 = Debug|Any CPU
		{CF23BA86-4E53-463E-BC82-7DA912B3E0BB}.Release|Any CPU.ActiveCfg = Release|Any CPU
		{CF23BA86-4E53-463E-BC82-7DA912B3E0BB}.Release|Any CPU.Build.0 = Release|Any CPU
	EndGlobalSection
	GlobalSection(SolutionProperties) = preSolution
		HideSolutionNode = FALSE
	EndGlobalSection
	GlobalSection(ExtensibilityGlobals) = postSolution
		SolutionGuid = {BB3A5F3A-107B-42A4-B846-080B5631398E}
	EndGlobalSection
EndGlobal
